
Microsoft Visual Studio Solution File, Format Version 12.00
# Visual Studio 15
VisualStudioVersion = 15.0.26430.6
MinimumVisualStudioVersion = 10.0.40219.1
Project("{FAE04EC0-301F-11D3-BF4B-00C04F79EFBC}") = "Ex03.GarageLogic", "Ex03.GarageLogic\Ex03.GarageLogic.csproj", "{2E5F7F3D-4926-4F7C-BA80-02E2572A9C84}"
EndProject
Project("{FAE04EC0-301F-11D3-BF4B-00C04F79EFBC}") = "Ex03.ConsoleUI", "Ex03.ConsoleUI\Ex03.ConsoleUI.csproj", "{ACD9C954-AB88-43FB-B8D3-51DD4ED053B9}"
EndProject
Global
	GlobalSection(SolutionConfigurationPlatforms) = preSolution
		Debug|Any CPU = Debug|Any CPU
		Release|Any CPU = Release|Any CPU
	EndGlobalSection
	GlobalSection(ProjectConfigurationPlatforms) = postSolution
		{2E5F7F3D-4926-4F7C-BA80-02E2572A9C84}.Debug|Any CPU.ActiveCfg = Debug|Any CPU
		{2E5F7F3D-4926-4F7C-BA80-02E2572A9C84}.Debug|Any CPU.Build.0 = Debug|Any CPU
		{2E5F7F3D-4926-4F7C-BA80-02E2572A9C84}.Release|Any CPU.ActiveCfg = Release|Any CPU
		{2E5F7F3D-4926-4F7C-BA80-02E2572A9C84}.Release|Any CPU.Build.0 = Release|Any CPU
		{ACD9C954-AB88-43FB-B8D3-51DD4ED053B9}.Debug|Any CPU.ActiveCfg = Debug|Any CPU
		{ACD9C954-AB88-43FB-B8D3-51DD4ED053B9}.Debug|Any CPU.Build.0 = Debug|Any CPU
		{ACD9C954-AB88-43FB-B8D3-51DD4ED053B9}.Release|Any CPU.ActiveCfg = Release|Any CPU
		{ACD9C954-AB88-43FB-B8D3-51DD4ED053B9}.Release|Any CPU.Build.0 = Release|Any CPU
	EndGlobalSection
	GlobalSection(SolutionProperties) = preSolution
		HideSolutionNode = FALSE
	EndGlobalSection
EndGlobal
